github.com/mroth/weightedrand v0.2.1 h1:ivJastXlhBrj0q931DJ8IwhOLGwrYtPeENWd3WlVI0s=
github.com/mroth/weightedrand v0.2.1/go.mod h1:3p2SIcC8al1YMzGhAIoXD+r9olo/g/cdJgAD905gyNE=
github.com/spf13/pflag v1.0.5 h1:iy+VFUOCP1a+8yFto/drg2CJ5u0yRoB7fZw3DKv/JXA=
github.com/spf13/pflag v1.0.5/go.mod h1:McXfInJRrz4CZXVZOBLb0bTZqETkiAhM9Iw0y3An2Bg=
